
Microsoft Visual Studio Solution File, Format Version 12.00
# Visual Studio 15
VisualStudioVersion = 15.0.27906.1
MinimumVisualStudioVersion = 10.0.40219.1
Project("{9A19103F-16F7-4668-BE54-9A1E7A4F7556}") = "Multiwii", "Multiwii\Multiwii.csproj", "{9B46CD1E-8293-4E53-8EED-AE90F01EE312}"
EndProject
Global
	GlobalSection(SolutionConfigurationPlatforms) = preSolution
		Debug|Any CPU = Debug|Any CPU
		Release|Any CPU = Release|Any CPU
	EndGlobalSection
	GlobalSection(ProjectConfigurationPlatforms) = postSolution
		{9B46CD1E-8293-4E53-8EED-AE90F01EE312}.Debug|Any CPU.ActiveCfg = Debug|Any CPU
		{9B46CD1E-8293-4E53-8EED-AE90F01EE312}.Debug|Any CPU.Build.0 = Debug|Any CPU
		{9B46CD1E-8293-4E53-8EED-AE90F01EE312}.Release|Any CPU.ActiveCfg = Release|Any CPU
		{9B46CD1E-8293-4E53-8EED-AE90F01EE312}.Release|Any CPU.Build.0 = Release|Any CPU
	EndGlobalSection
	GlobalSection(SolutionProperties) = preSolution
		HideSolutionNode = FALSE
	EndGlobalSection
	GlobalSection(ExtensibilityGlobals) = postSolution
		SolutionGuid = {5A391D28-2CA3-4C62-A6A2-CC2329D2DCA6}
	EndGlobalSection
EndGlobal
